
Microsoft Visual Studio Solution File, Format Version 12.00
# Visual Studio Version 16
VisualStudioVersion = 16.0.31205.134
MinimumVisualStudioVersion = 10.0.40219.1
Project("{8BC9CEB8-8B4A-11D0-8D11-00A0C91BC942}") = "CppHandler", "CppHandler\CppHandler.vcxproj", "{05726D4F-7CE1-4B1E-96DE-310E45115C81}"
EndProject
Project("{9A19103F-16F7-4668-BE54-9A1E7A4F7556}") = "BusObserver", "BusObserver\BusObserver.csproj", "{8C99778E-C800-46E6-9B0C-BC680FA800DE}"
EndProject
Global
	GlobalSection(SolutionConfigurationPlatforms) = preSolution
		Debug|Any CPU = Debug|Any CPU
		Debug|x64 = Debug|x64
		Debug|x86 = Debug|x86
		Release|Any CPU = Release|Any CPU
		Release|x64 = Release|x64
		Release|x86 = Release|x86
	EndGlobalSection
	GlobalSection(ProjectConfigurationPlatforms) = postSolution
		{05726D4F-7CE1-4B1E-96DE-310E45115C81}.Debug|Any CPU.ActiveCfg = Debug|Win32
		{05726D4F-7CE1-4B1E-96DE-310E45115C81}.Debug|x64.ActiveCfg = Debug|x64
		{05726D4F-7CE1-4B1E-96DE-310E45115C81}.Debug|x64.Build.0 = Debug|x64
		{05726D4F-7CE1-4B1E-96DE-310E45115C81}.Debug|x86.ActiveCfg = Debug|Win32
		{05726D4F-7CE1-4B1E-96DE-310E45115C81}.Debug|x86.Build.0 = Debug|Win32
		{05726D4F-7CE1-4B1E-96DE-310E45115C81}.Release|Any CPU.ActiveCfg = Release|Win32
		{05726D4F-7CE1-4B1E-96DE-310E45115C81}.Release|x64.ActiveCfg = Release|x64
		{05726D4F-7CE1-4B1E-96DE-310E45115C81}.Release|x64.Build.0 = Release|x64
		{05726D4F-7CE1-4B1E-96DE-310E45115C81}.Release|x86.ActiveCfg = Release|Win32
		{05726D4F-7CE1-4B1E-96DE-310E45115C81}.Release|x86.Build.0 = Release|Win32
		{8C99778E-C800-46E6-9B0C-BC680FA800DE}.Debug|Any CPU.ActiveCfg = Debug|Any CPU
		{8C99778E-C800-46E6-9B0C-BC680FA800DE}.Debug|Any CPU.Build.0 = Debug|Any CPU
		{8C99778E-C800-46E6-9B0C-BC680FA800DE}.Debug|x64.ActiveCfg = Debug|Any CPU
		{8C99778E-C800-46E6-9B0C-BC680FA800DE}.Debug|x64.Build.0 = Debug|Any CPU
		{8C99778E-C800-46E6-9B0C-BC680FA800DE}.Debug|x86.ActiveCfg = Debug|Any CPU
		{8C99778E-C800-46E6-9B0C-BC680FA800DE}.Debug|x86.Build.0 = Debug|Any CPU
		{8C99778E-C800-46E6-9B0C-BC680FA800DE}.Release|Any CPU.ActiveCfg = Release|Any CPU
		{8C99778E-C800-46E6-9B0C-BC680FA800DE}.Release|Any CPU.Build.0 = Release|Any CPU
		{8C99778E-C800-46E6-9B0C-BC680FA800DE}.Release|x64.ActiveCfg = Release|Any CPU
		{8C99778E-C800-46E6-9B0C-BC680FA800DE}.Release|x64.Build.0 = Release|Any CPU
		{8C99778E-C800-46E6-9B0C-BC680FA800DE}.Release|x86.ActiveCfg = Release|Any CPU
		{8C99778E-C800-46E6-9B0C-BC680FA800DE}.Release|x86.Build.0 = Release|Any CPU
	EndGlobalSection
	GlobalSection(SolutionProperties) = preSolution
		HideSolutionNode = FALSE
	EndGlobalSection
	GlobalSection(ExtensibilityGlobals) = postSolution
		SolutionGuid = {BE4422F5-4F37-44B8-9E9E-BF10A7600D4D}
	EndGlobalSection
EndGlobal
